// !$*UTF8*$!
{
	archiveVersion = 1;
	classes = {
	};
	objectVersion = 50;
	objects = {

/* Begin PBXBuildFile section */
		1FF2549D2546319700B95C01 /* AppDelegate.swift in Sources */ = {isa = PBXBuildFile; fileRef = 1FF2549C2546319700B95C01 /* AppDelegate.swift */; };
		1FF2549F2546319700B95C01 /* SceneDelegate.swift in Sources */ = {isa = PBXBuildFile; fileRef = 1FF2549E2546319700B95C01 /* SceneDelegate.swift */; };
		1FF254A12546319700B95C01 /* ViewController.swift in Sources */ = {isa = PBXBuildFile; fileRef = 1FF254A02546319700B95C01 /* ViewController.swift */; };
		1FF254A42546319700B95C01 /* Main.storyboard in Resources */ = {isa = PBXBuildFile; fileRef = 1FF254A22546319700B95C01 /* Main.storyboard */; };
		1FF254A62546319800B95C01 /* Assets.xcassets in Resources */ = {isa = PBXBuildFile; fileRef = 1FF254A52546319800B95C01 /* Assets.xcassets */; };
		1FF254A92546319800B95C01 /* LaunchScreen.storyboard in Resources */ = {isa = PBXBuildFile; fileRef = 1FF254A72546319800B95C01 /* LaunchScreen.storyboard */; };
		3C3AE2682553953900FE238E /* Sound in Resources */ = {isa = PBXBuildFile; fileRef = 3C3AE2672553953900FE238E /* Sound */; };
		8418CBCC254F843F00C9E604 /* AboutViewController.swift in Sources */ = {isa = PBXBuildFile; fileRef = 8418CBCB254F843F00C9E604 /* AboutViewController.swift */; };
/* End PBXBuildFile section */

/* Begin PBXFileReference section */
		1FF254992546319700B95C01 /* Guessify.app */ = {isa = PBXFileReference; explicitFileType = wrapper.application; includeInIndex = 0; path = Guessify.app; sourceTree = BUILT_PRODUCTS_DIR; };
		1FF2549C2546319700B95C01 /* AppDelegate.swift */ = {isa = PBXFileReference; lastKnownFileType = sourcecode.swift; path = AppDelegate.swift; sourceTree = "<group>"; };
		1FF2549E2546319700B95C01 /* SceneDelegate.swift */ = {isa = PBXFileReference; lastKnownFileType = sourcecode.swift; path = SceneDelegate.swift; sourceTree = "<group>"; };
		1FF254A02546319700B95C01 /* ViewController.swift */ = {isa = PBXFileReference; lastKnownFileType = sourcecode.swift; path = ViewController.swift; sourceTree = "<group>"; };
		1FF254A32546319700B95C01 /* Base */ = {isa = PBXFileReference; lastKnownFileType = file.storyboard; name = Base; path = Base.lproj/Main.storyboard; sourceTree = "<group>"; };
		1FF254A52546319800B95C01 /* Assets.xcassets */ = {isa = PBXFileReference; lastKnownFileType = folder.assetcatalog; path = Assets.xcassets; sourceTree = "<group>"; };
		1FF254A82546319800B95C01 /* Base */ = {isa = PBXFileReference; lastKnownFileType = file.storyboard; name = Base; path = Base.lproj/LaunchScreen.storyboard; sourceTree = "<group>"; };
		1FF254AA2546319800B95C01 /* Info.plist */ = {isa = PBXFileReference; lastKnownFileType = text.plist.xml; path = Info.plist; sourceTree = "<group>"; };
		3C3AE2672553953900FE238E /* Sound */ = {isa = PBXFileReference; lastKnownFileType = folder; path = Sound; sourceTree = "<group>"; };
		8418CBCB254F843F00C9E604 /* AboutViewController.swift */ = {isa = PBXFileReference; lastKnownFileType = sourcecode.swift; path = AboutViewController.swift; sourceTree = "<group>"; };
/* End PBXFileReference section */

/* Begin PBXFrameworksBuildPhase section */
		1FF254962546319700B95C01 /* Frameworks */ = {
			isa = PBXFrameworksBuildPhase;
			buildActionMask = 2147483647;
			files = (
			);
			runOnlyForDeploymentPostprocessing = 0;
		};
/* End PBXFrameworksBuildPhase section */

/* Begin PBXGroup section */
		1FF254902546319700B95C01 = {
			isa = PBXGroup;
			children = (
				3C3AE2672553953900FE238E /* Sound */,
				1FF2549B2546319700B95C01 /* Guessify */,
				1FF2549A2546319700B95C01 /* Products */,
			);
			sourceTree = "<group>";
		};
		1FF2549A2546319700B95C01 /* Products */ = {
			isa = PBXGroup;
			children = (
				1FF254992546319700B95C01 /* Guessify.app */,
			);
			name = Products;
			sourceTree = "<group>";
		};
		1FF2549B2546319700B95C01 /* Guessify */ = {
			isa = PBXGroup;
			children = (
				1FF2549C2546319700B95C01 /* AppDelegate.swift */,
				1FF2549E2546319700B95C01 /* SceneDelegate.swift */,
				1FF254A02546319700B95C01 /* ViewController.swift */,
				1FF254A22546319700B95C01 /* Main.storyboard */,
				8418CBCB254F843F00C9E604 /* AboutViewController.swift */,
				1FF254A52546319800B95C01 /* Assets.xcassets */,
				1FF254A72546319800B95C01 /* LaunchScreen.storyboard */,
				1FF254AA2546319800B95C01 /* Info.plist */,
			);
			path = Guessify;
			sourceTree = "<group>";
		};
/* End PBXGroup section */

/* Begin PBXNativeTarget section */
		1FF254982546319700B95C01 /* Guessify */ = {
			isa = PBXNativeTarget;
			buildConfigurationList = 1FF254AD2546319800B95C01 /* Build configuration list for PBXNativeTarget "Guessify" */;
			buildPhases = (
				1FF254952546319700B95C01 /* Sources */,
				1FF254962546319700B95C01 /* Frameworks */,
				1FF254972546319700B95C01 /* Resources */,
			);
			buildRules = (
			);
			dependencies = (
			);
			name = Guessify;
			productName = "Project-1";
			productReference = 1FF254992546319700B95C01 /* Guessify.app */;
			productType = "com.apple.product-type.application";
		};
/* End PBXNativeTarget section */

/* Begin PBXProject section */
		1FF254912546319700B95C01 /* Project object */ = {
			isa = PBXProject;
			attributes = {
				LastSwiftUpdateCheck = 1170;
				LastUpgradeCheck = 1170;
				ORGANIZATIONNAME = user182243;
				TargetAttributes = {
					1FF254982546319700B95C01 = {
						CreatedOnToolsVersion = 11.7;
						LastSwiftMigration = 1210;
					};
				};
			};
			buildConfigurationList = 1FF254942546319700B95C01 /* Build configuration list for PBXProject "Guessify" */;
			compatibilityVersion = "Xcode 9.3";
			developmentRegion = en;
			hasScannedForEncodings = 0;
			knownRegions = (
				en,
				Base,
			);
			mainGroup = 1FF254902546319700B95C01;
			productRefGroup = 1FF2549A2546319700B95C01 /* Products */;
			projectDirPath = "";
			projectRoot = "";
			targets = (
				1FF254982546319700B95C01 /* Guessify */,
			);
		};
/* End PBXProject section */

/* Begin PBXResourcesBuildPhase section */
		1FF254972546319700B95C01 /* Resources */ = {
			isa = PBXResourcesBuildPhase;
			buildActionMask = 2147483647;
			files = (
				1FF254A92546319800B95C01 /* LaunchScreen.storyboard in Resources */,
				1FF254A62546319800B95C01 /* Assets.xcassets in Resources */,
				3C3AE2682553953900FE238E /* Sound in Resources */,
				1FF254A42546319700B95C01 /* Main.storyboard in Resources */,
			);
			runOnlyForDeploymentPostprocessing = 0;
		};
/* End PBXResourcesBuildPhase section */

/* Begin PBXSourcesBuildPhase section */
		1FF254952546319700B95C01 /* Sources */ = {
			isa = PBXSourcesBuildPhase;
			buildActionMask = 2147483647;
			files = (
				1FF254A12546319700B95C01 /* ViewController.swift in Sources */,
				1FF2549D2546319700B95C01 /* AppDelegate.swift in Sources */,
				8418CBCC254F843F00C9E604 /* AboutViewController.swift in Sources */,
				1FF2549F2546319700B95C01 /* SceneDelegate.swift in Sources */,
			);
			runOnlyForDeploymentPostprocessing = 0;
		};
/* End PBXSourcesBuildPhase section */

/* Begin PBXVariantGroup section */
		1FF254A22546319700B95C01 /* Main.storyboard */ = {
			isa = PBXVariantGroup;
			children = (
				1FF254A32546319700B95C01 /* Base */,
			);
			name = Main.storyboard;
			sourceTree = "<group>";
		};
		1FF254A72546319800B95C01 /* LaunchScreen.storyboard */ = {
			isa = PBXVariantGroup;
			children = (
				1FF254A82546319800B95C01 /* Base */,
			);
			name = LaunchScreen.storyboard;
			sourceTree = "<group>";
		};
/* End PBXVariantGroup section */

/* Begin XCBuildConfiguration section */
		1FF254AB2546319800B95C01 /* Debug */ = {
			isa = XCBuildConfiguration;
			buildSettings = {
				ALWAYS_SEARCH_USER_PATHS = NO;
				CLANG_ANALYZER_NONNULL = YES;
				CLANG_ANALYZER_NUMBER_OBJECT_CONVERSION = YES_AGGRESSIVE;
				CLANG_CXX_LANGUAGE_STANDARD = "gnu++14";
				CLANG_CXX_LIBRARY = "libc++";
				CLANG_ENABLE_MODULES = YES;
				CLANG_ENABLE_OBJC_ARC = YES;
				CLANG_ENABLE_OBJC_WEAK = YES;
				CLANG_WARN_BLOCK_CAPTURE_AUTORELEASING = YES;
				CLANG_WARN_BOOL_CONVERSION = YES;
				CLANG_WARN_COMMA = YES;
				CLANG_WARN_CONSTANT_CONVERSION = YES;
				CLANG_WARN_DEPRECATED_OBJC_IMPLEMENTATIONS = YES;
				CLANG_WARN_DIRECT_OBJC_ISA_USAGE = YES_ERROR;
				CLANG_WARN_DOCUMENTATION_COMMENTS = YES;
				CLANG_WARN_EMPTY_BODY = YES;
				CLANG_WARN_ENUM_CONVERSION = YES;
				CLANG_WARN_INFINITE_RECURSION = YES;
				CLANG_WARN_INT_CONVERSION = YES;
				CLANG_WARN_NON_LITERAL_NULL_CONVERSION = YES;
				CLANG_WARN_OBJC_IMPLICIT_RETAIN_SELF = YES;
				CLANG_WARN_OBJC_LITERAL_CONVERSION = YES;
				CLANG_WARN_OBJC_ROOT_CLASS = YES_ERROR;
				CLANG_WARN_RANGE_LOOP_ANALYSIS = YES;
				CLANG_WARN_STRICT_PROTOTYPES = YES;
				CLANG_WARN_SUSPICIOUS_MOVE = YES;
				CLANG_WARN_UNGUARDED_AVAILABILITY = YES_AGGRESSIVE;
				CLANG_WARN_UNREACHABLE_CODE = YES;
				CLANG_WARN__DUPLICATE_METHOD_MATCH = YES;
				COPY_PHASE_STRIP = NO;
				DEBUG_INFORMATION_FORMAT = dwarf;
				ENABLE_STRICT_OBJC_MSGSEND = YES;
				ENABLE_TESTABILITY = YES;
				GCC_C_LANGUAGE_STANDARD = gnu11;
				GCC_DYNAMIC_NO_PIC = NO;
				GCC_NO_COMMON_BLOCKS = YES;
				GCC_OPTIMIZATION_LEVEL = 0;
				GCC_PREPROCESSOR_DEFINITIONS = (
					"DEBUG=1",
					"$(inherited)",
				);
				GCC_WARN_64_TO_32_BIT_CONVERSION = YES;
				GCC_WARN_ABOUT_RETURN_TYPE = YES_ERROR;
				GCC_WARN_UNDECLARED_SELECTOR = YES;
				GCC_WARN_UNINITIALIZED_AUTOS = YES_AGGRESSIVE;
				GCC_WARN_UNUSED_FUNCTION = YES;
				GCC_WARN_UNUSED_VARIABLE = YES;
				IPHONEOS_DEPLOYMENT_TARGET = 13.7;
				MTL_ENABLE_DEBUG_INFO = INCLUDE_SOURCE;
				MTL_FAST_MATH = YES;
				ONLY_ACTIVE_ARCH = YES;
				SDKROOT = iphoneos;
				SWIFT_ACTIVE_COMPILATION_CONDITIONS = DEBUG;
				SWIFT_OPTIMIZATION_LEVEL = "-Onone";
			};
			name = Debug;
		};
		1FF254AC2546319800B95C01 /* Release */ = {
			isa = XCBuildConfiguration;
			buildSettings = {
				ALWAYS_SEARCH_USER_PATHS = NO;
				CLANG_ANALYZER_NONNULL = YES;
				CLANG_ANALYZER_NUMBER_OBJECT_CONVERSION = YES_AGGRESSIVE;
				CLANG_CXX_LANGUAGE_STANDARD = "gnu++14";
				CLANG_CXX_LIBRARY = "libc++";
				CLANG_ENABLE_MODULES = YES;
				CLANG_ENABLE_OBJC_ARC = YES;
				CLANG_ENABLE_OBJC_WEAK = YES;
				CLANG_WARN_BLOCK_CAPTURE_AUTORELEASING = YES;
				CLANG_WARN_BOOL_CONVERSION = YES;
				CLANG_WARN_COMMA = YES;
				CLANG_WARN_CONSTANT_CONVERSION = YES;
				CLANG_WARN_DEPRECATED_OBJC_IMPLEMENTATIONS = YES;
				CLANG_WARN_DIRECT_OBJC_ISA_USAGE = YES_ERROR;
				CLANG_WARN_DOCUMENTATION_COMMENTS = YES;
				CLANG_WARN_EMPTY_BODY = YES;
				CLANG_WARN_ENUM_CONVERSION = YES;
				CLANG_WARN_INFINITE_RECURSION = YES;
				CLANG_WARN_INT_CONVERSION = YES;
				CLANG_WARN_NON_LITERAL_NULL_CONVERSION = YES;
				CLANG_WARN_OBJC_IMPLICIT_RETAIN_SELF = YES;
				CLANG_WARN_OBJC_LITERAL_CONVERSION = YES;
				CLANG_WARN_OBJC_ROOT_CLASS = YES_ERROR;
				CLANG_WARN_RANGE_LOOP_ANALYSIS = YES;
				CLANG_WARN_STRICT_PROTOTYPES = YES;
				CLANG_WARN_SUSPICIOUS_MOVE = YES;
				CLANG_WARN_UNGUARDED_AVAILABILITY = YES_AGGRESSIVE;
				CLANG_WARN_UNREACHABLE_CODE = YES;
				CLANG_WARN__DUPLICATE_METHOD_MATCH = YES;
				COPY_PHASE_STRIP = NO;
				DEBUG_INFORMATION_FORMAT = "dwarf-with-dsym";
				ENABLE_NS_ASSERTIONS = NO;
				ENABLE_STRICT_OBJC_MSGSEND = YES;
				GCC_C_LANGUAGE_STANDARD = gnu11;
				GCC_NO_COMMON_BLOCKS = YES;
				GCC_WARN_64_TO_32_BIT_CONVERSION = YES;
				GCC_WARN_ABOUT_RETURN_TYPE = YES_ERROR;
				GCC_WARN_UNDECLARED_SELECTOR = YES;
				GCC_WARN_UNINITIALIZED_AUTOS = YES_AGGRESSIVE;
				GCC_WARN_UNUSED_FUNCTION = YES;
				GCC_WARN_UNUSED_VARIABLE = YES;
				IPHONEOS_DEPLOYMENT_TARGET = 13.7;
				MTL_ENABLE_DEBUG_INFO = NO;
				MTL_FAST_MATH = YES;
				SDKROOT = iphoneos;
				SWIFT_COMPILATION_MODE = wholemodule;
				SWIFT_OPTIMIZATION_LEVEL = "-O";
				VALIDATE_PRODUCT = YES;
			};
			name = Release;
		};
		1FF254AE2546319800B95C01 /* Debug */ = {
			isa = XCBuildConfiguration;
			buildSettings = {
				ASSETCATALOG_COMPILER_APPICON_NAME = AppIcon;
				CODE_SIGN_STYLE = Automatic;
				INFOPLIST_FILE = Guessify/Info.plist;
				LD_RUNPATH_SEARCH_PATHS = (
					"$(inherited)",
					"@executable_path/Frameworks",
				);
				PRODUCT_BUNDLE_IDENTIFIER = com.conestogac.Guessify;
				PRODUCT_NAME = "$(TARGET_NAME)";
				SWIFT_OPTIMIZATION_LEVEL = "-Onone";
				SWIFT_VERSION = 5.0;
				TARGETED_DEVICE_FAMILY = "1,2";
			};
			name = Debug;
		};
		1FF254AF2546319800B95C01 /* Release */ = {
			isa = XCBuildConfiguration;
			buildSettings = {
				ASSETCATALOG_COMPILER_APPICON_NAME = AppIcon;
				CODE_SIGN_STYLE = Automatic;
				INFOPLIST_FILE = Guessify/Info.plist;
				LD_RUNPATH_SEARCH_PATHS = (
					"$(inherited)",
					"@executable_path/Frameworks",
				);
				PRODUCT_BUNDLE_IDENTIFIER = com.conestogac.Guessify;
				PRODUCT_NAME = "$(TARGET_NAME)";
				SWIFT_VERSION = 5.0;
				TARGETED_DEVICE_FAMILY = "1,2";
			};
			name = Release;
		};
/* End XCBuildConfiguration section */

/* Begin XCConfigurationList section */
		1FF254942546319700B95C01 /* Build configuration list for PBXProject "Guessify" */ = {
			isa = XCConfigurationList;
			buildConfigurations = (
				1FF254AB2546319800B95C01 /* Debug */,
				1FF254AC2546319800B95C01 /* Release */,
			);
			defaultConfigurationIsVisible = 0;
			defaultConfigurationName = Release;
		};
		1FF254AD2546319800B95C01 /* Build configuration list for PBXNativeTarget "Guessify" */ = {
			isa = XCConfigurationList;
			buildConfigurations = (
				1FF254AE2546319800B95C01 /* Debug */,
				1FF254AF2546319800B95C01 /* Release */,
			);
			defaultConfigurationIsVisible = 0;
			defaultConfigurationName = Release;
		};
/* End XCConfigurationList section */
	};
	rootObject = 1FF254912546319700B95C01 /* Project object */;
}
